// !$*UTF8*$!
{
	archiveVersion = 1;
	classes = {
	};
	objectVersion = 52;
	objects = {

/* Begin PBXBuildFile section */
		AD2BB24D26FAE9B80001F4B1 /* Dota2DemoApp.swift in Sources */ = {isa = PBXBuildFile; fileRef = AD2BB24C26FAE9B80001F4B1 /* Dota2DemoApp.swift */; };
		AD2BB24F26FAE9B80001F4B1 /* ContentView.swift in Sources */ = {isa = PBXBuildFile; fileRef = AD2BB24E26FAE9B80001F4B1 /* ContentView.swift */; };
		AD2BB25126FAE9B90001F4B1 /* Assets.xcassets in Resources */ = {isa = PBXBuildFile; fileRef = AD2BB25026FAE9B90001F4B1 /* Assets.xcassets */; };
		AD2BB25426FAE9B90001F4B1 /* Preview Assets.xcassets in Resources */ = {isa = PBXBuildFile; fileRef = AD2BB25326FAE9B90001F4B1 /* Preview Assets.xcassets */; };
		AD2BB25D26FAE9DB0001F4B1 /* DotaHeroModel.swift in Sources */ = {isa = PBXBuildFile; fileRef = AD2BB25C26FAE9DB0001F4B1 /* DotaHeroModel.swift */; };
		AD2BB25F26FAE9E30001F4B1 /* DotaTeamModel.swift in Sources */ = {isa = PBXBuildFile; fileRef = AD2BB25E26FAE9E30001F4B1 /* DotaTeamModel.swift */; };
		AD2BB26226FAEA990001F4B1 /* ViewModel.swift in Sources */ = {isa = PBXBuildFile; fileRef = AD2BB26126FAEA990001F4B1 /* ViewModel.swift */; };
		AD2BB26526FAEAC00001F4B1 /* NetworksService.swift in Sources */ = {isa = PBXBuildFile; fileRef = AD2BB26426FAEAC00001F4B1 /* NetworksService.swift */; };
		AD2BB26F26FCAFFA0001F4B1 /* HomeView.swift in Sources */ = {isa = PBXBuildFile; fileRef = AD2BB26E26FCAFFA0001F4B1 /* HomeView.swift */; };
		AD2BB27126FCB0010001F4B1 /* HeroView.swift in Sources */ = {isa = PBXBuildFile; fileRef = AD2BB27026FCB0010001F4B1 /* HeroView.swift */; };
		AD2BB27326FCB0090001F4B1 /* TeamView.swift in Sources */ = {isa = PBXBuildFile; fileRef = AD2BB27226FCB0090001F4B1 /* TeamView.swift */; };
		AD2BB27626FCB24D0001F4B1 /* SDWebImageSwiftUI in Frameworks */ = {isa = PBXBuildFile; productRef = AD2BB27526FCB24D0001F4B1 /* SDWebImageSwiftUI */; };
		AD2BB27926FCB2870001F4B1 /* Lottie in Frameworks */ = {isa = PBXBuildFile; productRef = AD2BB27826FCB2870001F4B1 /* Lottie */; };
		AD2BB28026FCEA550001F4B1 /* LottieView.swift in Sources */ = {isa = PBXBuildFile; fileRef = AD2BB27E26FCEA550001F4B1 /* LottieView.swift */; };
		AD2BB28126FCEA550001F4B1 /* magic.json in Resources */ = {isa = PBXBuildFile; fileRef = AD2BB27F26FCEA550001F4B1 /* magic.json */; };
/* End PBXBuildFile section */

/* Begin PBXFileReference section */
		AD2BB24926FAE9B80001F4B1 /* Dota2Demo.app */ = {isa = PBXFileReference; explicitFileType = wrapper.application; includeInIndex = 0; path = Dota2Demo.app; sourceTree = BUILT_PRODUCTS_DIR; };
		AD2BB24C26FAE9B80001F4B1 /* Dota2DemoApp.swift */ = {isa = PBXFileReference; lastKnownFileType = sourcecode.swift; path = Dota2DemoApp.swift; sourceTree = "<group>"; };
		AD2BB24E26FAE9B80001F4B1 /* ContentView.swift */ = {isa = PBXFileReference; lastKnownFileType = sourcecode.swift; path = ContentView.swift; sourceTree = "<group>"; };
		AD2BB25026FAE9B90001F4B1 /* Assets.xcassets */ = {isa = PBXFileReference; lastKnownFileType = folder.assetcatalog; path = Assets.xcassets; sourceTree = "<group>"; };
		AD2BB25326FAE9B90001F4B1 /* Preview Assets.xcassets */ = {isa = PBXFileReference; lastKnownFileType = folder.assetcatalog; path = "Preview Assets.xcassets"; sourceTree = "<group>"; };
		AD2BB25526FAE9B90001F4B1 /* Info.plist */ = {isa = PBXFileReference; lastKnownFileType = text.plist.xml; path = Info.plist; sourceTree = "<group>"; };
		AD2BB25C26FAE9DB0001F4B1 /* DotaHeroModel.swift */ = {isa = PBXFileReference; lastKnownFileType = sourcecode.swift; path = DotaHeroModel.swift; sourceTree = "<group>"; };
		AD2BB25E26FAE9E30001F4B1 /* DotaTeamModel.swift */ = {isa = PBXFileReference; lastKnownFileType = sourcecode.swift; path = DotaTeamModel.swift; sourceTree = "<group>"; };
		AD2BB26126FAEA990001F4B1 /* ViewModel.swift */ = {isa = PBXFileReference; lastKnownFileType = sourcecode.swift; path = ViewModel.swift; sourceTree = "<group>"; };
		AD2BB26426FAEAC00001F4B1 /* NetworksService.swift */ = {isa = PBXFileReference; lastKnownFileType = sourcecode.swift; path = NetworksService.swift; sourceTree = "<group>"; };
		AD2BB26E26FCAFFA0001F4B1 /* HomeView.swift */ = {isa = PBXFileReference; lastKnownFileType = sourcecode.swift; path = HomeView.swift; sourceTree = "<group>"; };
		AD2BB27026FCB0010001F4B1 /* HeroView.swift */ = {isa = PBXFileReference; lastKnownFileType = sourcecode.swift; path = HeroView.swift; sourceTree = "<group>"; };
		AD2BB27226FCB0090001F4B1 /* TeamView.swift */ = {isa = PBXFileReference; lastKnownFileType = sourcecode.swift; path = TeamView.swift; sourceTree = "<group>"; };
		AD2BB27E26FCEA550001F4B1 /* LottieView.swift */ = {isa = PBXFileReference; fileEncoding = 4; lastKnownFileType = sourcecode.swift; name = LottieView.swift; path = ../../../../../Desktop/Resouce/LottieView.swift; sourceTree = "<group>"; };
		AD2BB27F26FCEA550001F4B1 /* magic.json */ = {isa = PBXFileReference; fileEncoding = 4; lastKnownFileType = text.json; name = magic.json; path = ../../../../../Desktop/Resouce/magic.json; sourceTree = "<group>"; };
/* End PBXFileReference section */

/* Begin PBXFrameworksBuildPhase section */
		AD2BB24626FAE9B80001F4B1 /* Frameworks */ = {
			isa = PBXFrameworksBuildPhase;
			buildActionMask = 2147483647;
			files = (
				AD2BB27626FCB24D0001F4B1 /* SDWebImageSwiftUI in Frameworks */,
				AD2BB27926FCB2870001F4B1 /* Lottie in Frameworks */,
			);
			runOnlyForDeploymentPostprocessing = 0;
		};
/* End PBXFrameworksBuildPhase section */

/* Begin PBXGroup section */
		AD2BB24026FAE9B80001F4B1 = {
			isa = PBXGroup;
			children = (
				AD2BB24B26FAE9B80001F4B1 /* Dota2Demo */,
				AD2BB24A26FAE9B80001F4B1 /* Products */,
			);
			sourceTree = "<group>";
		};
		AD2BB24A26FAE9B80001F4B1 /* Products */ = {
			isa = PBXGroup;
			children = (
				AD2BB24926FAE9B80001F4B1 /* Dota2Demo.app */,
			);
			name = Products;
			sourceTree = "<group>";
		};
		AD2BB24B26FAE9B80001F4B1 /* Dota2Demo */ = {
			isa = PBXGroup;
			children = (
				AD2BB26D26FCAFF00001F4B1 /* Views */,
				AD2BB26326FAEAB30001F4B1 /* Service */,
				AD2BB26026FAEA8A0001F4B1 /* View Models */,
				AD2BB25B26FAE9CB0001F4B1 /* Models */,
				AD2BB24C26FAE9B80001F4B1 /* Dota2DemoApp.swift */,
				AD2BB24E26FAE9B80001F4B1 /* ContentView.swift */,
				AD2BB25026FAE9B90001F4B1 /* Assets.xcassets */,
				AD2BB25526FAE9B90001F4B1 /* Info.plist */,
				AD2BB25226FAE9B90001F4B1 /* Preview Content */,
			);
			path = Dota2Demo;
			sourceTree = "<group>";
		};
		AD2BB25226FAE9B90001F4B1 /* Preview Content */ = {
			isa = PBXGroup;
			children = (
				AD2BB25326FAE9B90001F4B1 /* Preview Assets.xcassets */,
			);
			path = "Preview Content";
			sourceTree = "<group>";
		};
		AD2BB25B26FAE9CB0001F4B1 /* Models */ = {
			isa = PBXGroup;
			children = (
				AD2BB25C26FAE9DB0001F4B1 /* DotaHeroModel.swift */,
				AD2BB25E26FAE9E30001F4B1 /* DotaTeamModel.swift */,
			);
			path = Models;
			sourceTree = "<group>";
		};
		AD2BB26026FAEA8A0001F4B1 /* View Models */ = {
			isa = PBXGroup;
			children = (
				AD2BB26126FAEA990001F4B1 /* ViewModel.swift */,
			);
			path = "View Models";
			sourceTree = "<group>";
		};
		AD2BB26326FAEAB30001F4B1 /* Service */ = {
			isa = PBXGroup;
			children = (
				AD2BB26426FAEAC00001F4B1 /* NetworksService.swift */,
			);
			path = Service;
			sourceTree = "<group>";
		};
		AD2BB26D26FCAFF00001F4B1 /* Views */ = {
			isa = PBXGroup;
			children = (
				AD2BB27E26FCEA550001F4B1 /* LottieView.swift */,
				AD2BB27F26FCEA550001F4B1 /* magic.json */,
				AD2BB26E26FCAFFA0001F4B1 /* HomeView.swift */,
				AD2BB27026FCB0010001F4B1 /* HeroView.swift */,
				AD2BB27226FCB0090001F4B1 /* TeamView.swift */,
			);
			path = Views;
			sourceTree = "<group>";
		};
/* End PBXGroup section */

/* Begin PBXNativeTarget section */
		AD2BB24826FAE9B80001F4B1 /* Dota2Demo */ = {
			isa = PBXNativeTarget;
			buildConfigurationList = AD2BB25826FAE9B90001F4B1 /* Build configuration list for PBXNativeTarget "Dota2Demo" */;
			buildPhases = (
				AD2BB24526FAE9B80001F4B1 /* Sources */,
				AD2BB24626FAE9B80001F4B1 /* Frameworks */,
				AD2BB24726FAE9B80001F4B1 /* Resources */,
			);
			buildRules = (
			);
			dependencies = (
			);
			name = Dota2Demo;
			packageProductDependencies = (
				AD2BB27526FCB24D0001F4B1 /* SDWebImageSwiftUI */,
				AD2BB27826FCB2870001F4B1 /* Lottie */,
			);
			productName = Dota2Demo;
			productReference = AD2BB24926FAE9B80001F4B1 /* Dota2Demo.app */;
			productType = "com.apple.product-type.application";
		};
/* End PBXNativeTarget section */

/* Begin PBXProject section */
		AD2BB24126FAE9B80001F4B1 /* Project object */ = {
			isa = PBXProject;
			attributes = {
				LastSwiftUpdateCheck = 1250;
				LastUpgradeCheck = 1250;
				TargetAttributes = {
					AD2BB24826FAE9B80001F4B1 = {
						CreatedOnToolsVersion = 12.5.1;
					};
				};
			};
			buildConfigurationList = AD2BB24426FAE9B80001F4B1 /* Build configuration list for PBXProject "Dota2Demo" */;
			compatibilityVersion = "Xcode 9.3";
			developmentRegion = en;
			hasScannedForEncodings = 0;
			knownRegions = (
				en,
				Base,
			);
			mainGroup = AD2BB24026FAE9B80001F4B1;
			packageReferences = (
				AD2BB27426FCB24D0001F4B1 /* XCRemoteSwiftPackageReference "SDWebImageSwiftUI" */,
				AD2BB27726FCB2870001F4B1 /* XCRemoteSwiftPackageReference "lottie-ios" */,
			);
			productRefGroup = AD2BB24A26FAE9B80001F4B1 /* Products */;
			projectDirPath = "";
			projectRoot = "";
			targets = (
				AD2BB24826FAE9B80001F4B1 /* Dota2Demo */,
			);
		};
/* End PBXProject section */

/* Begin PBXResourcesBuildPhase section */
		AD2BB24726FAE9B80001F4B1 /* Resources */ = {
			isa = PBXResourcesBuildPhase;
			buildActionMask = 2147483647;
			files = (
				AD2BB25426FAE9B90001F4B1 /* Preview Assets.xcassets in Resources */,
				AD2BB25126FAE9B90001F4B1 /* Assets.xcassets in Resources */,
				AD2BB28126FCEA550001F4B1 /* magic.json in Resources */,
			);
			runOnlyForDeploymentPostprocessing = 0;
		};
/* End PBXResourcesBuildPhase section */

/* Begin PBXSourcesBuildPhase section */
		AD2BB24526FAE9B80001F4B1 /* Sources */ = {
			isa = PBXSourcesBuildPhase;
			buildActionMask = 2147483647;
			files = (
				AD2BB26526FAEAC00001F4B1 /* NetworksService.swift in Sources */,
				AD2BB26F26FCAFFA0001F4B1 /* HomeView.swift in Sources */,
				AD2BB27126FCB0010001F4B1 /* HeroView.swift in Sources */,
				AD2BB26226FAEA990001F4B1 /* ViewModel.swift in Sources */,
				AD2BB25D26FAE9DB0001F4B1 /* DotaHeroModel.swift in Sources */,
				AD2BB24F26FAE9B80001F4B1 /* ContentView.swift in Sources */,
				AD2BB25F26FAE9E30001F4B1 /* DotaTeamModel.swift in Sources */,
				AD2BB24D26FAE9B80001F4B1 /* Dota2DemoApp.swift in Sources */,
				AD2BB28026FCEA550001F4B1 /* LottieView.swift in Sources */,
				AD2BB27326FCB0090001F4B1 /* TeamView.swift in Sources */,
			);
			runOnlyForDeploymentPostprocessing = 0;
		};
/* End PBXSourcesBuildPhase section */

/* Begin XCBuildConfiguration section */
		AD2BB25626FAE9B90001F4B1 /* Debug */ = {
			isa = XCBuildConfiguration;
			buildSettings = {
				ALWAYS_SEARCH_USER_PATHS = NO;
				CLANG_ANALYZER_NONNULL = YES;
				CLANG_ANALYZER_NUMBER_OBJECT_CONVERSION = YES_AGGRESSIVE;
				CLANG_CXX_LANGUAGE_STANDARD = "gnu++14";
				CLANG_CXX_LIBRARY = "libc++";
				CLANG_ENABLE_MODULES = YES;
				CLANG_ENABLE_OBJC_ARC = YES;
				CLANG_ENABLE_OBJC_WEAK = YES;
				CLANG_WARN_BLOCK_CAPTURE_AUTORELEASING = YES;
				CLANG_WARN_BOOL_CONVERSION = YES;
				CLANG_WARN_COMMA = YES;
				CLANG_WARN_CONSTANT_CONVERSION = YES;
				CLANG_WARN_DEPRECATED_OBJC_IMPLEMENTATIONS = YES;
				CLANG_WARN_DIRECT_OBJC_ISA_USAGE = YES_ERROR;
				CLANG_WARN_DOCUMENTATION_COMMENTS = YES;
				CLANG_WARN_EMPTY_BODY = YES;
				CLANG_WARN_ENUM_CONVERSION = YES;
				CLANG_WARN_INFINITE_RECURSION = YES;
				CLANG_WARN_INT_CONVERSION = YES;
				CLANG_WARN_NON_LITERAL_NULL_CONVERSION = YES;
				CLANG_WARN_OBJC_IMPLICIT_RETAIN_SELF = YES;
				CLANG_WARN_OBJC_LITERAL_CONVERSION = YES;
				CLANG_WARN_OBJC_ROOT_CLASS = YES_ERROR;
				CLANG_WARN_QUOTED_INCLUDE_IN_FRAMEWORK_HEADER = YES;
				CLANG_WARN_RANGE_LOOP_ANALYSIS = YES;
				CLANG_WARN_STRICT_PROTOTYPES = YES;
				CLANG_WARN_SUSPICIOUS_MOVE = YES;
				CLANG_WARN_UNGUARDED_AVAILABILITY = YES_AGGRESSIVE;
				CLANG_WARN_UNREACHABLE_CODE = YES;
				CLANG_WARN__DUPLICATE_METHOD_MATCH = YES;
				COPY_PHASE_STRIP = NO;
				DEBUG_INFORMATION_FORMAT = dwarf;
				ENABLE_STRICT_OBJC_MSGSEND = YES;
				ENABLE_TESTABILITY = YES;
				GCC_C_LANGUAGE_STANDARD = gnu11;
				GCC_DYNAMIC_NO_PIC = NO;
				GCC_NO_COMMON_BLOCKS = YES;
				GCC_OPTIMIZATION_LEVEL = 0;
				GCC_PREPROCESSOR_DEFINITIONS = (
					"DEBUG=1",
					"$(inherited)",
				);
				GCC_WARN_64_TO_32_BIT_CONVERSION = YES;
				GCC_WARN_ABOUT_RETURN_TYPE = YES_ERROR;
				GCC_WARN_UNDECLARED_SELECTOR = YES;
				GCC_WARN_UNINITIALIZED_AUTOS = YES_AGGRESSIVE;
				GCC_WARN_UNUSED_FUNCTION = YES;
				GCC_WARN_UNUSED_VARIABLE = YES;
				IPHONEOS_DEPLOYMENT_TARGET = 14.5;
				MTL_ENABLE_DEBUG_INFO = INCLUDE_SOURCE;
				MTL_FAST_MATH = YES;
				ONLY_ACTIVE_ARCH = YES;
				SDKROOT = iphoneos;
				SWIFT_ACTIVE_COMPILATION_CONDITIONS = DEBUG;
				SWIFT_OPTIMIZATION_LEVEL = "-Onone";
			};
			name = Debug;
		};
		AD2BB25726FAE9B90001F4B1 /* Release */ = {
			isa = XCBuildConfiguration;
			buildSettings = {
				ALWAYS_SEARCH_USER_PATHS = NO;
				CLANG_ANALYZER_NONNULL = YES;
				CLANG_ANALYZER_NUMBER_OBJECT_CONVERSION = YES_AGGRESSIVE;
				CLANG_CXX_LANGUAGE_STANDARD = "gnu++14";
				CLANG_CXX_LIBRARY = "libc++";
				CLANG_ENABLE_MODULES = YES;
				CLANG_ENABLE_OBJC_ARC = YES;
				CLANG_ENABLE_OBJC_WEAK = YES;
				CLANG_WARN_BLOCK_CAPTURE_AUTORELEASING = YES;
				CLANG_WARN_BOOL_CONVERSION = YES;
				CLANG_WARN_COMMA = YES;
				CLANG_WARN_CONSTANT_CONVERSION = YES;
				CLANG_WARN_DEPRECATED_OBJC_IMPLEMENTATIONS = YES;
				CLANG_WARN_DIRECT_OBJC_ISA_USAGE = YES_ERROR;
				CLANG_WARN_DOCUMENTATION_COMMENTS = YES;
				CLANG_WARN_EMPTY_BODY = YES;
				CLANG_WARN_ENUM_CONVERSION = YES;
				CLANG_WARN_INFINITE_RECURSION = YES;
				CLANG_WARN_INT_CONVERSION = YES;
				CLANG_WARN_NON_LITERAL_NULL_CONVERSION = YES;
				CLANG_WARN_OBJC_IMPLICIT_RETAIN_SELF = YES;
				CLANG_WARN_OBJC_LITERAL_CONVERSION = YES;
				CLANG_WARN_OBJC_ROOT_CLASS = YES_ERROR;
				CLANG_WARN_QUOTED_INCLUDE_IN_FRAMEWORK_HEADER = YES;
				CLANG_WARN_RANGE_LOOP_ANALYSIS = YES;
				CLANG_WARN_STRICT_PROTOTYPES = YES;
				CLANG_WARN_SUSPICIOUS_MOVE = YES;
				CLANG_WARN_UNGUARDED_AVAILABILITY = YES_AGGRESSIVE;
				CLANG_WARN_UNREACHABLE_CODE = YES;
				CLANG_WARN__DUPLICATE_METHOD_MATCH = YES;
				COPY_PHASE_STRIP = NO;
				DEBUG_INFORMATION_FORMAT = "dwarf-with-dsym";
				ENABLE_NS_ASSERTIONS = NO;
				ENABLE_STRICT_OBJC_MSGSEND = YES;
				GCC_C_LANGUAGE_STANDARD = gnu11;
				GCC_NO_COMMON_BLOCKS = YES;
				GCC_WARN_64_TO_32_BIT_CONVERSION = YES;
				GCC_WARN_ABOUT_RETURN_TYPE = YES_ERROR;
				GCC_WARN_UNDECLARED_SELECTOR = YES;
				GCC_WARN_UNINITIALIZED_AUTOS = YES_AGGRESSIVE;
				GCC_WARN_UNUSED_FUNCTION = YES;
				GCC_WARN_UNUSED_VARIABLE = YES;
				IPHONEOS_DEPLOYMENT_TARGET = 14.5;
				MTL_ENABLE_DEBUG_INFO = NO;
				MTL_FAST_MATH = YES;
				SDKROOT = iphoneos;
				SWIFT_COMPILATION_MODE = wholemodule;
				SWIFT_OPTIMIZATION_LEVEL = "-O";
				VALIDATE_PRODUCT = YES;
			};
			name = Release;
		};
		AD2BB25926FAE9B90001F4B1 /* Debug */ = {
			isa = XCBuildConfiguration;
			buildSettings = {
				ASSETCATALOG_COMPILER_APPICON_NAME = AppIcon;
				ASSETCATALOG_COMPILER_GLOBAL_ACCENT_COLOR_NAME = AccentColor;
				CODE_SIGN_STYLE = Automatic;
				DEVELOPMENT_ASSET_PATHS = "\"Dota2Demo/Preview Content\"";
				DEVELOPMENT_TEAM = LHAYGSB5VA;
				ENABLE_PREVIEWS = YES;
				INFOPLIST_FILE = Dota2Demo/Info.plist;
				IPHONEOS_DEPLOYMENT_TARGET = 14.0;
				LD_RUNPATH_SEARCH_PATHS = (
					"$(inherited)",
					"@executable_path/Frameworks",
				);
				PRODUCT_BUNDLE_IDENTIFIER = com.chr1s78.Dota2Demo;
				PRODUCT_NAME = "$(TARGET_NAME)";
				SWIFT_VERSION = 5.0;
				TARGETED_DEVICE_FAMILY = "1,2";
			};
			name = Debug;
		};
		AD2BB25A26FAE9B90001F4B1 /* Release */ = {
			isa = XCBuildConfiguration;
			buildSettings = {
				ASSETCATALOG_COMPILER_APPICON_NAME = AppIcon;
				ASSETCATALOG_COMPILER_GLOBAL_ACCENT_COLOR_NAME = AccentColor;
				CODE_SIGN_STYLE = Automatic;
				DEVELOPMENT_ASSET_PATHS = "\"Dota2Demo/Preview Content\"";
				DEVELOPMENT_TEAM = LHAYGSB5VA;
				ENABLE_PREVIEWS = YES;
				INFOPLIST_FILE = Dota2Demo/Info.plist;
				IPHONEOS_DEPLOYMENT_TARGET = 14.0;
				LD_RUNPATH_SEARCH_PATHS = (
					"$(inherited)",
					"@executable_path/Frameworks",
				);
				PRODUCT_BUNDLE_IDENTIFIER = com.chr1s78.Dota2Demo;
				PRODUCT_NAME = "$(TARGET_NAME)";
				SWIFT_VERSION = 5.0;
				TARGETED_DEVICE_FAMILY = "1,2";
			};
			name = Release;
		};
/* End XCBuildConfiguration section */

/* Begin XCConfigurationList section */
		AD2BB24426FAE9B80001F4B1 /* Build configuration list for PBXProject "Dota2Demo" */ = {
			isa = XCConfigurationList;
			buildConfigurations = (
				AD2BB25626FAE9B90001F4B1 /* Debug */,
				AD2BB25726FAE9B90001F4B1 /* Release */,
			);
			defaultConfigurationIsVisible = 0;
			defaultConfigurationName = Release;
		};
		AD2BB25826FAE9B90001F4B1 /* Build configuration list for PBXNativeTarget "Dota2Demo" */ = {
			isa = XCConfigurationList;
			buildConfigurations = (
				AD2BB25926FAE9B90001F4B1 /* Debug */,
				AD2BB25A26FAE9B90001F4B1 /* Release */,
			);
			defaultConfigurationIsVisible = 0;
			defaultConfigurationName = Release;
		};
/* End XCConfigurationList section */

/* Begin XCRemoteSwiftPackageReference section */
		AD2BB27426FCB24D0001F4B1 /* XCRemoteSwiftPackageReference "SDWebImageSwiftUI" */ = {
			isa = XCRemoteSwiftPackageReference;
			repositoryURL = "https://gitee.com/chr1s78/SDWebImageSwiftUI.git";
			requirement = {
				kind = upToNextMajorVersion;
				minimumVersion = 2.0.2;
			};
		};
		AD2BB27726FCB2870001F4B1 /* XCRemoteSwiftPackageReference "lottie-ios" */ = {
			isa = XCRemoteSwiftPackageReference;
			repositoryURL = "https://gitee.com/chr1s78/lottie-ios.git";
			requirement = {
				kind = upToNextMajorVersion;
				minimumVersion = 3.2.3;
			};
		};
/* End XCRemoteSwiftPackageReference section */

/* Begin XCSwiftPackageProductDependency section */
		AD2BB27526FCB24D0001F4B1 /* SDWebImageSwiftUI */ = {
			isa = XCSwiftPackageProductDependency;
			package = AD2BB27426FCB24D0001F4B1 /* XCRemoteSwiftPackageReference "SDWebImageSwiftUI" */;
			productName = SDWebImageSwiftUI;
		};
		AD2BB27826FCB2870001F4B1 /* Lottie */ = {
			isa = XCSwiftPackageProductDependency;
			package = AD2BB27726FCB2870001F4B1 /* XCRemoteSwiftPackageReference "lottie-ios" */;
			productName = Lottie;
		};
/* End XCSwiftPackageProductDependency section */
	};
	rootObject = AD2BB24126FAE9B80001F4B1 /* Project object */;
}
